schema_version=1
sif_sha256=c4bddf5f7b40cf7c5bbfba82f47ef2b1bbc5786c7bb36d98b020ca09761aad91
sif_bytes=10656620544
model_custody_manifest_sha256=a32399a1bdff8b56ff15509ec922e58f78a0e0bf6b860093db2f4952f48bbffe
production_qualification_report_sha256=a96ceb38d5beca8e3c3d640f99341111ed477e9a39e61494e42555c3d17020ec
independent_validation_report_sha256=17321ee58881ba7f2a170b64ebf8411989aa1bfde18c889527bb7ee0ad2bb2ac
production_evidence_commit=b73df403958e0847bb799d4f90a548c99a4b3060
independent_validator_commit=7fdeb9e2167cd1b5846e428d8414b29d6cd39eec
cpu_import_and_aarch64_status=pass
one_gpu_fp32_embedding_fixture_status=pass
one_gpu_bfloat16_embedding_fixture_status=pass
deterministic_embedding_repeat_status=pass_exact_zero_difference
checkpoint_restart_status=pass_exact
offline_model_load_with_network_socket_block_status=pass
both_checkpoint_exact_key_load_status=pass
sensitive_path_exclusion_status=pass
production_check_status=pass
independent_check_status=pass_10_of_10_zero_warning_zero_failure
runtime_qualification_gate=pass
scientific_use_status=pending_numbered_acceptance
