duckdb==1.5.5 \
    --hash=sha256:f316eae2323d9a851883fdf2dee91c1f9efe251ab33e14a2272f82a913422ed6
et-xmlfile==2.0.0 \
    --hash=sha256:7a91720bc756843502c3b7504c77b8fe44217c85c537d85037f0f536151b2caa
openpyxl==3.1.5 \
    --hash=sha256:5282c12b107bffeef825f4617dc029afaf41d0ea60823bbb665ef3079dc79de2
pypdf==6.14.2 \
    --hash=sha256:3f07891af76dc002657e04993ab9b4de81de29f9013b9761d0b7968bff12e946
xlrd==2.0.2 \
    --hash=sha256:ea762c3d29f4cca48d82df517b6d89fbce4db3107f9d78713e48cd321d5c9aa9
