huggingface-hub==0.34.4 \
    --hash=sha256:9b365d781739c93ff90c359844221beef048403f1bc1f1c123c191257c3c890a
tokenizers==0.21.4 \
    --hash=sha256:39b376f5a1aee67b4d29032ee85511bbd1b99007ec735f7f35c8a2eb104eade5
transformers==4.55.2 \
    --hash=sha256:097e3c2e2c0c9681db3da9d748d8f9d6a724c644514673d0030e8c5a1109f1f1
