anyio==4.15.1 --hash=sha256:6152fdbbf9a77fdec97731721bebf7c4c44f7c29b424b0065826173efc7ed101
certifi==2026.7.22 --hash=sha256:62f22742b58a1a33014a2b6b706588a8d7e2a88ae7bd1a6ebe8c992928483775
cffi==2.1.1 --hash=sha256:68e62fe11f30d5ca8289242866f0a5291402d8529ca2178ab8afc5c9694ae890
click==8.5.0 --hash=sha256:255bc9599cf7748b4b1a446ccc735421bd08a2ae529a8b88597d3de5664ee360
cryptography==50.0.1 --hash=sha256:e2ca8fd1b6b4b82a1c4cb02841d0837e3c12336c2e24b520ab8ab3b969733d8f
Cython==3.1.2 --hash=sha256:c05111f89db1ca98edc0675cfaa62be47b3ff519a29876eb095532a9f9e052b8
distlib==0.4.3 --hash=sha256:4b0ce306c966eb73bc3a7b6abad017c556dadd92c44701562cd528ac7fde4d5b
filelock==3.32.6 --hash=sha256:3f16ecd0117feae0dfc147e8c62eb5daeccd8bd800378c3ddf416de9b4feb6b1
h11==0.16.0 --hash=sha256:63cf8bbe7522de3bf65932fda1d9c2772064ffb3dae62d55932da54b31cb6c86
hatch==1.14.0 --hash=sha256:b12c7a2f4aaf6db7180e35c476e1a2ad4ec7197c20c4332964599424d4918ded
hatch-cython==0.5.0 --hash=sha256:bb939781547b340aad32c9b71723d3e19199e3e5b0a2915a519b88b6c27ebeab
hatch-vcs==0.4.0 --hash=sha256:b8a2b6bee54cf6f9fc93762db73890017ae59c9081d1038a41f16235ceaf8b2c
hatchling==1.27.0 --hash=sha256:d3a2f3567c4f926ea39849cdf924c7e99e6686c9c8e288ae1037c8fa2a5d937b
httpcore==1.0.9 --hash=sha256:2d400746a40668fc9dec9810239072b40b4484b640a8c38fd654a024c7a1bf55
httpx==0.28.1 --hash=sha256:d909fcccc110f8c7faf814ca82a9a4d816bc5a6dbfea25d6591d6985b8ba59ad
hyperlink==21.0.0 --hash=sha256:e6b14c37ecb73e89c77d78cdb4c2cc8f3fb59a885c5b3f819ff4ed80f25af1b4
idna==3.19 --hash=sha256:815e7be7a7806d54abb586dc943addc79e8b2ee16915059658cbeff4b1b43bf4
jaraco.classes==3.4.0 --hash=sha256:f662826b6bed8cace05e7ff873ce0f9283b5c924470fe664fff1c2f00f581790
jaraco.context==6.1.2 --hash=sha256:bf8150b79a2d5d91ae48629d8b427a8f7ba0e1097dd6202a9059f29a36379535
jaraco.functools==4.6.0 --hash=sha256:99e3dc0060c5cbe8fcd1cdb36258e2a65ca40f1566b2033b12abb1bb44dd3c30
jeepney==0.9.0 --hash=sha256:97e5714520c16fc0a45695e5365a2e11b81ea79bba796e26f9f1d178cb182683
keyring==25.7.0 --hash=sha256:be4a0b195f149690c166e850609a477c532ddbfbaed96a404d4e43f8d5e2689f
markdown-it-py==4.2.0 --hash=sha256:9f7ebbcd14fe59494226453aed97c1070d83f8d24b6fc3a3bcf9a38092641c4a
mdurl==0.1.2 --hash=sha256:84008a41e51615a49fc9966191ff91509e3c40b939176e643fd50a5c2196b8f8
more-itertools==11.1.0 --hash=sha256:4b65538ae22f6fed0ce4874efd317463a7489796a0939fa66824dd542125a192
numpy==2.0.2 --hash=sha256:c05e238064fc0610c840d1cf6a13bf63d7e391717d247f1bf0318172e759e692
packaging==26.3 --hash=sha256:d7193f7c8e4e93f444fde0262bf90af30e16fa0ad0ad44cb553c87339b23cd1c
pathspec==1.1.1 --hash=sha256:a00ce642f577bf7f473932318056212bc4f8bfdf53128c78bbd5af0b9b20b189
pexpect==4.9.0 --hash=sha256:7236d1e080e4936be2dc3e326cec0af72acf9212a7e1d060210e70a47e253523
platformdirs==4.11.8 --hash=sha256:52f2f181bbfde907966932cc8312d967d02976422d66d537ea16092b8e291081
pluggy==1.6.0 --hash=sha256:e920276dd6813095e9377c0bc5566d94c932c33b27a3e3945d8389c374dd4746
ptyprocess==0.7.0 --hash=sha256:4b41f3967fce3af57cc7e94b888626c18bf37a083e3651ca8feeb66d492fef35
pycparser==3.0 --hash=sha256:b727414169a36b7d524c1c3e31839a521725078d7b2ff038656844266160a992
Pygments==2.21.0 --hash=sha256:2363c69b61c4a97c838da3b130dcd6468f4848992b21a82f2a63ec34377137d9
python-discovery==1.6.0 --hash=sha256:d4e244cf17b8b29819ed78003d55fbacf86eda23425b075454fff9271b79377a
rich==15.0.0 --hash=sha256:33bd4ef74232fb73fe9279a257718407f169c09b78a87ad3d296f548e27de0bb
SecretStorage==3.5.0 --hash=sha256:0ce65888c0725fcb2c5bc0fdb8e5438eece02c523557ea40ce0703c266248137
setuptools==79.0.1 --hash=sha256:e147c0549f27767ba362f9da434eab9c5dc0045d5304feb602a0af001089fc51
setuptools-scm==8.2.0 --hash=sha256:136e2b1d393d709d2bcf26f275b8dec06c48b811154167b0fd6bb002aad17d6d
shellingham==1.5.4 --hash=sha256:7ecfff8f2fd72616f7481040475a65b2bf8af90a56c89140852d1120324e8686
tomli_w==1.2.0 --hash=sha256:188306098d013b691fcadc011abd66727d3c414c571bb01b1a174ba8c983cf90
tomlkit==0.15.1 --hash=sha256:177a05aece5a8ca5266fd3c448abb47b8d352f09d477d3ca8332db4d89b24304
trove-classifiers==2026.6.1.19 --hash=sha256:ab4c4ec93cc4a4e7815fa759906e05e6bb3f2fbd92ea0f897288c6a43efd15b3
typing_extensions==4.16.0 --hash=sha256:481caa481374e813c1b176ada14e97f1f67a4539ce9cfeb3f350d78d6370c2e8
userpath==1.9.2 --hash=sha256:2cbf01a23d655a1ff8fc166dfb78da1b641d1ceabf0fe5f970767d380b14e89d
uv==0.12.13 --hash=sha256:b9c703a4aaee1288f33e2ce8b39a0245f432b57bd5d769073756b68e9ca6bafe
virtualenv==21.7.9 --hash=sha256:ba3b0bb41063c848d84d76a9fe3fb7711aaa0f2fe78708e8f3cd9714770e4eac
wheel==0.45.1 --hash=sha256:708e7481cc80179af0e556bbf0cc00b8444c7321e2700b8d8580231d13017248
zstandard==0.25.0 --hash=sha256:6dffecc361d079bb48d7caef5d673c88c8988d3d33fb74ab95b7ee6da42652ea
